
Microsoft Visual Studio Solution File, Format Version 12.00
# Visual Studio Version 17
VisualStudioVersion = 17.6.33829.357
MinimumVisualStudioVersion = 10.0.40219.1
Project("{FAE04EC0-301F-11D3-BF4B-00C04F79EFBC}") = "SampleCode", "SampleCode.csproj", "{81B49B2D-0E6C-4357-9523-943E3CE3DBA9}"
EndProject
Project("{FAE04EC0-301F-11D3-BF4B-00C04F79EFBC}") = "BusinessLayer", "..\BusinessLayer\BusinessLayer.csproj", "{5A63592E-A442-4ADB-ABFA-937F25E4622C}"
EndProject
Project("{FAE04EC0-301F-11D3-BF4B-00C04F79EFBC}") = "DataAccessLayer", "..\DataAccessLayer\DataAccessLayer.csproj", "{E7EDCB95-6411-4069-B015-34B7BCF64E1C}"
EndProject
Project("{FAE04EC0-301F-11D3-BF4B-00C04F79EFBC}") = "BussinessModels", "..\BussinessModels\BussinessModels.csproj", "{7BF1E81A-AFA8-410E-B3ED-C7F3774A5071}"
EndProject
Global
	GlobalSection(SolutionConfigurationPlatforms) = preSolution
		Debug|Any CPU = Debug|Any CPU
		Release|Any CPU = Release|Any CPU
	EndGlobalSection
	GlobalSection(ProjectConfigurationPlatforms) = postSolution
		{81B49B2D-0E6C-4357-9523-943E3CE3DBA9}.Debug|Any CPU.ActiveCfg = Debug|Any CPU
		{81B49B2D-0E6C-4357-9523-943E3CE3DBA9}.Debug|Any CPU.Build.0 = Debug|Any CPU
		{81B49B2D-0E6C-4357-9523-943E3CE3DBA9}.Release|Any CPU.ActiveCfg = Release|Any CPU
		{81B49B2D-0E6C-4357-9523-943E3CE3DBA9}.Release|Any CPU.Build.0 = Release|Any CPU
		{5A63592E-A442-4ADB-ABFA-937F25E4622C}.Debug|Any CPU.ActiveCfg = Debug|Any CPU
		{5A63592E-A442-4ADB-ABFA-937F25E4622C}.Debug|Any CPU.Build.0 = Debug|Any CPU
		{5A63592E-A442-4ADB-ABFA-937F25E4622C}.Release|Any CPU.ActiveCfg = Release|Any CPU
		{5A63592E-A442-4ADB-ABFA-937F25E4622C}.Release|Any CPU.Build.0 = Release|Any CPU
		{E7EDCB95-6411-4069-B015-34B7BCF64E1C}.Debug|Any CPU.ActiveCfg = Debug|Any CPU
		{E7EDCB95-6411-4069-B015-34B7BCF64E1C}.Debug|Any CPU.Build.0 = Debug|Any CPU
		{E7EDCB95-6411-4069-B015-34B7BCF64E1C}.Release|Any CPU.ActiveCfg = Release|Any CPU
		{E7EDCB95-6411-4069-B015-34B7BCF64E1C}.Release|Any CPU.Build.0 = Release|Any CPU
		{7BF1E81A-AFA8-410E-B3ED-C7F3774A5071}.Debug|Any CPU.ActiveCfg = Debug|Any CPU
		{7BF1E81A-AFA8-410E-B3ED-C7F3774A5071}.Debug|Any CPU.Build.0 = Debug|Any CPU
		{7BF1E81A-AFA8-410E-B3ED-C7F3774A5071}.Release|Any CPU.ActiveCfg = Release|Any CPU
		{7BF1E81A-AFA8-410E-B3ED-C7F3774A5071}.Release|Any CPU.Build.0 = Release|Any CPU
	EndGlobalSection
	GlobalSection(SolutionProperties) = preSolution
		HideSolutionNode = FALSE
	EndGlobalSection
	GlobalSection(ExtensibilityGlobals) = postSolution
		SolutionGuid = {8DBEFC8B-68A2-4673-87CB-943A00627363}
	EndGlobalSection
EndGlobal
